# This file is generated by running "yarn install" inside your project.
# Manual changes might be lost - proceed with caution!

__metadata:
  version: 6
  cacheKey: 8

"localgpt@workspace:.":
  version: 0.0.0-use.local
  resolution: "localgpt@workspace:."
  dependencies:
    run-all: ^1.0.1
  languageName: unknown
  linkType: soft

"run-all@npm:^1.0.1":
  version: 1.0.1
  resolution: "run-all@npm:1.0.1"
  bin:
    run-all: lib/command.js
  checksum: 3b38424af8b3637f5c4e8cf1d6421481c2fc15ec9d14899979ec2278c2bf6d5c27c9c58468bcbb1537acaf62868a3c80b34bb83093899625363d90339884f2e7
  languageName: node
  linkType: hard
